definitions:
  config:
    /hippo:namespaces/visitscotland/SplitBlock:
      jcr:primaryType: hipposysedit:templatetype
      jcr:mixinTypes: ['editor:editable', 'mix:referenceable']
      jcr:uuid: a290a894-7023-431e-9f91-d592262daabf
      /hipposysedit:nodetype:
        jcr:primaryType: hippo:handle
        jcr:mixinTypes: ['mix:referenceable']
        jcr:uuid: 706ea373-1723-4d7e-8811-f24dc3264b77
        /hipposysedit:nodetype:
          jcr:primaryType: hipposysedit:nodetype
          jcr:mixinTypes: ['mix:referenceable', 'hipposysedit:remodel']
          jcr:uuid: 2986fb1a-9c4e-479a-bbc5-7d13c296431c
          hipposysedit:node: true
          hipposysedit:supertype: ['visitscotland:basedocument', 'hippostd:relaxed',
            'hippotranslation:translated']
          hipposysedit:uri: http://www.visitscotland.com/visitscotland/nt/1.0
          /leftReference:
            jcr:primaryType: hipposysedit:field
            hipposysedit:mandatory: false
            hipposysedit:multiple: false
            hipposysedit:ordered: false
            hipposysedit:path: visitscotland:leftReference
            hipposysedit:primary: false
            hipposysedit:type: hippo:mirror
          /rightReference:
            jcr:primaryType: hipposysedit:field
            hipposysedit:mandatory: false
            hipposysedit:multiple: false
            hipposysedit:ordered: false
            hipposysedit:path: visitscotland:rightReference
            hipposysedit:primary: false
            hipposysedit:type: hippo:mirror
      /hipposysedit:prototypes:
        jcr:primaryType: hipposysedit:prototypeset
        /hipposysedit:prototype:
          jcr:primaryType: visitscotland:SplitBlock
          hippostd:holder: holder
          hippostd:state: draft
          hippostdpubwf:createdBy: ''
          hippostdpubwf:lastModifiedBy: ''
          hippotranslation:id: document-type-locale-id
          hippotranslation:locale: document-type-locale
          jcr:mixinTypes: ['mix:referenceable']
          jcr:uuid: 30c2f2bd-a3de-48d7-a378-dabcc0ba3606
          hippostdpubwf:lastModificationDate: 2025-02-24T14:48:38.274Z
          hippostdpubwf:creationDate: 2025-02-24T14:48:38.274Z
          /visitscotland:leftReference:
            jcr:primaryType: hippo:mirror
            hippo:docbase: cafebabe-cafe-babe-cafe-babecafebabe
          /visitscotland:rightReference:
            jcr:primaryType: hippo:mirror
            hippo:docbase: cafebabe-cafe-babe-cafe-babecafebabe
      /editor:templates:
        jcr:primaryType: editor:templateset
        /_default_:
          jcr:primaryType: frontend:plugincluster
          frontend:properties: [mode]
          frontend:references: [wicket.model, model.compareTo, engine, validator.id]
          frontend:services: [wicket.id, validator.id]
          /root:
            jcr:primaryType: frontend:plugin
            item: ${cluster.id}.field
            plugin.class: org.hippoecm.frontend.service.render.ListViewPlugin
          /leftReference:
            jcr:primaryType: frontend:plugin
            caption: Left Item
            field: leftReference
            plugin.class: org.hippoecm.frontend.editor.plugins.field.NodeFieldPlugin
            wicket.id: ${cluster.id}.field
            /cluster.options:
              jcr:primaryType: frontend:pluginconfig
          /rightReference:
            jcr:primaryType: frontend:plugin
            caption: Right Item
            field: rightReference
            hint: ''
            plugin.class: org.hippoecm.frontend.editor.plugins.field.NodeFieldPlugin
            wicket.id: ${cluster.id}.field
            /cluster.options:
              jcr:primaryType: frontend:pluginconfig
